
Microsoft Visual Studio Solution File, Format Version 12.00
# Visual Studio 2012
Project("{FAE04EC0-301F-11D3-BF4B-00C04F79EFBC}") = "UploadFileDemo", "UploadFileDemo\UploadFileDemo.csproj", "{8509E980-0357-4617-BCFB-7FB588C03896}"
EndProject
Global
	GlobalSection(SolutionConfigurationPlatforms) = preSolution
		Debug|Any CPU = Debug|Any CPU
		Release|Any CPU = Release|Any CPU
	EndGlobalSection
	GlobalSection(ProjectConfigurationPlatforms) = postSolution
		{8509E980-0357-4617-BCFB-7FB588C03896}.Debug|Any CPU.ActiveCfg = Debug|Any CPU
		{8509E980-0357-4617-BCFB-7FB588C03896}.Debug|Any CPU.Build.0 = Debug|Any CPU
		{8509E980-0357-4617-BCFB-7FB588C03896}.Release|Any CPU.ActiveCfg = Release|Any CPU
		{8509E980-0357-4617-BCFB-7FB588C03896}.Release|Any CPU.Build.0 = Release|Any CPU
	EndGlobalSection
	GlobalSection(SolutionProperties) = preSolution
		HideSolutionNode = FALSE
	EndGlobalSection
EndGlobal
